<?xml version="1.0" encoding="utf-8"?>
<Project ToolsVersion="4.0" xmlns="http://schemas.microsoft.com/developer/msbuild/2003">
  <ItemGroup>
    <Filter Include="include">
      <UniqueIdentifier>{62756e66-8839-482b-8326-513973ed48aa}</UniqueIdentifier>
    </Filter>
    <Filter Include="src">
      <UniqueIdentifier>{efe5f48b-1686-4732-865c-9ab82ea9adcf}</UniqueIdentifier>
    </Filter>
  </ItemGroup>
  <ItemGroup>
    <ClInclude Include="include\AnimTime.h">
      <Filter>include</Filter>
    </ClInclude>
    <ClInclude Include="include\AnimTimer.h">
      <Filter>include</Filter>
    </ClInclude>
  </ItemGroup>
  <ItemGroup>
    <ClCompile Include="src\AnimTime.cpp">
      <Filter>src</Filter>
    </ClCompile>
    <ClCompile Include="src\AnimTimer.cpp">
      <Filter>src</Filter>
    </ClCompile>
    <ClCompile Include="src\AnimTimer_win32.cpp">
      <Filter>src</Filter>
    </ClCompile>
  </ItemGroup>
</Project>